
Microsoft Visual Studio Solution File, Format Version 12.00
# Visual Studio Version 17
VisualStudioVersion = 17.8.34525.116
MinimumVisualStudioVersion = 10.0.40219.1
Project("{FAE04EC0-301F-11D3-BF4B-00C04F79EFBC}") = "C#Task2-Heap,Stack,Break,Continue", "C#Task2-Heap,Stack,Break,Continue\C#Task2-Heap,Stack,Break,Continue.csproj", "{E1EAFC70-8DFF-49A9-BC02-140046BE5ACD}"
EndProject
Global
	GlobalSection(SolutionConfigurationPlatforms) = preSolution
		Debug|Any CPU = Debug|Any CPU
		Release|Any CPU = Release|Any CPU
	EndGlobalSection
	GlobalSection(ProjectConfigurationPlatforms) = postSolution
		{E1EAFC70-8DFF-49A9-BC02-140046BE5ACD}.Debug|Any CPU.ActiveCfg = Debug|Any CPU
		{E1EAFC70-8DFF-49A9-BC02-140046BE5ACD}.Debug|Any CPU.Build.0 = Debug|Any CPU
		{E1EAFC70-8DFF-49A9-BC02-140046BE5ACD}.Release|Any CPU.ActiveCfg = Release|Any CPU
		{E1EAFC70-8DFF-49A9-BC02-140046BE5ACD}.Release|Any CPU.Build.0 = Release|Any CPU
	EndGlobalSection
	GlobalSection(SolutionProperties) = preSolution
		HideSolutionNode = FALSE
	EndGlobalSection
	GlobalSection(ExtensibilityGlobals) = postSolution
		SolutionGuid = {239BA127-9648-4C7E-93EB-E48CAD0F0C76}
	EndGlobalSection
EndGlobal
